
Microsoft Visual Studio Solution File, Format Version 12.00
# Visual Studio Version 17
VisualStudioVersion = 17.5.002.0
MinimumVisualStudioVersion = 10.0.40219.1
Project("{9A19103F-16F7-4668-BE54-9A1E7A4F7556}") = "back", "back.csproj", "{95467FBF-2599-478D-A4A3-0348CC951D5C}"
EndProject
Global
	GlobalSection(SolutionConfigurationPlatforms) = preSolution
		Debug|Any CPU = Debug|Any CPU
		Release|Any CPU = Release|Any CPU
	EndGlobalSection
	GlobalSection(ProjectConfigurationPlatforms) = postSolution
		{95467FBF-2599-478D-A4A3-0348CC951D5C}.Debug|Any CPU.ActiveCfg = Debug|Any CPU
		{95467FBF-2599-478D-A4A3-0348CC951D5C}.Debug|Any CPU.Build.0 = Debug|Any CPU
		{95467FBF-2599-478D-A4A3-0348CC951D5C}.Release|Any CPU.ActiveCfg = Release|Any CPU
		{95467FBF-2599-478D-A4A3-0348CC951D5C}.Release|Any CPU.Build.0 = Release|Any CPU
	EndGlobalSection
	GlobalSection(SolutionProperties) = preSolution
		HideSolutionNode = FALSE
	EndGlobalSection
	GlobalSection(ExtensibilityGlobals) = postSolution
		SolutionGuid = {8875A9A7-B2F0-4487-949A-129EABB2C526}
	EndGlobalSection
EndGlobal
